
Microsoft Visual Studio Solution File, Format Version 12.00
# Visual Studio Version 16
VisualStudioVersion = 16.0.31112.23
MinimumVisualStudioVersion = 10.0.40219.1
Project("{FAE04EC0-301F-11D3-BF4B-00C04F79EFBC}") = "senai_peoples_webApi", "senai_peoples_webApi\senai_peoples_webApi.csproj", "{2BD42DDE-B015-46FC-AB2D-8791A4EE05EF}"
EndProject
Global
	GlobalSection(SolutionConfigurationPlatforms) = preSolution
		Debug|Any CPU = Debug|Any CPU
		Release|Any CPU = Release|Any CPU
	EndGlobalSection
	GlobalSection(ProjectConfigurationPlatforms) = postSolution
		{2BD42DDE-B015-46FC-AB2D-8791A4EE05EF}.Debug|Any CPU.ActiveCfg = Debug|Any CPU
		{2BD42DDE-B015-46FC-AB2D-8791A4EE05EF}.Debug|Any CPU.Build.0 = Debug|Any CPU
		{2BD42DDE-B015-46FC-AB2D-8791A4EE05EF}.Release|Any CPU.ActiveCfg = Release|Any CPU
		{2BD42DDE-B015-46FC-AB2D-8791A4EE05EF}.Release|Any CPU.Build.0 = Release|Any CPU
	EndGlobalSection
	GlobalSection(SolutionProperties) = preSolution
		HideSolutionNode = FALSE
	EndGlobalSection
	GlobalSection(ExtensibilityGlobals) = postSolution
		SolutionGuid = {522CE9CF-19A6-4828-A0FF-D928D72D30E6}
	EndGlobalSection
EndGlobal
