
Microsoft Visual Studio Solution File, Format Version 12.00
# Visual Studio Version 16
VisualStudioVersion = 16.0.31105.61
MinimumVisualStudioVersion = 10.0.40219.1
Project("{FAE04EC0-301F-11D3-BF4B-00C04F79EFBC}") = "senai_filmes_webApi", "senai_filmes_webApi\senai_filmes_webApi.csproj", "{EC494F69-0229-4F55-9BB3-C4146654F1B9}"
EndProject
Global
	GlobalSection(SolutionConfigurationPlatforms) = preSolution
		Debug|Any CPU = Debug|Any CPU
		Release|Any CPU = Release|Any CPU
	EndGlobalSection
	GlobalSection(ProjectConfigurationPlatforms) = postSolution
		{EC494F69-0229-4F55-9BB3-C4146654F1B9}.Debug|Any CPU.ActiveCfg = Debug|Any CPU
		{EC494F69-0229-4F55-9BB3-C4146654F1B9}.Debug|Any CPU.Build.0 = Debug|Any CPU
		{EC494F69-0229-4F55-9BB3-C4146654F1B9}.Release|Any CPU.ActiveCfg = Release|Any CPU
		{EC494F69-0229-4F55-9BB3-C4146654F1B9}.Release|Any CPU.Build.0 = Release|Any CPU
	EndGlobalSection
	GlobalSection(SolutionProperties) = preSolution
		HideSolutionNode = FALSE
	EndGlobalSection
	GlobalSection(ExtensibilityGlobals) = postSolution
		SolutionGuid = {C7C64C34-DF49-420C-95CC-78DE5F972C95}
	EndGlobalSection
EndGlobal
