
Microsoft Visual Studio Solution File, Format Version 12.00
# Visual Studio Version 16
VisualStudioVersion = 16.0.31105.61
MinimumVisualStudioVersion = 10.0.40219.1
Project("{FAE04EC0-301F-11D3-BF4B-00C04F79EFBC}") = "senai_filmes_webApi", "senai_filmes_webApi\senai_filmes_webApi.csproj", "{946AC80A-9270-4E55-97AF-3CEBF6AC377B}"
EndProject
Global
	GlobalSection(SolutionConfigurationPlatforms) = preSolution
		Debug|Any CPU = Debug|Any CPU
		Release|Any CPU = Release|Any CPU
	EndGlobalSection
	GlobalSection(ProjectConfigurationPlatforms) = postSolution
		{946AC80A-9270-4E55-97AF-3CEBF6AC377B}.Debug|Any CPU.ActiveCfg = Debug|Any CPU
		{946AC80A-9270-4E55-97AF-3CEBF6AC377B}.Debug|Any CPU.Build.0 = Debug|Any CPU
		{946AC80A-9270-4E55-97AF-3CEBF6AC377B}.Release|Any CPU.ActiveCfg = Release|Any CPU
		{946AC80A-9270-4E55-97AF-3CEBF6AC377B}.Release|Any CPU.Build.0 = Release|Any CPU
	EndGlobalSection
	GlobalSection(SolutionProperties) = preSolution
		HideSolutionNode = FALSE
	EndGlobalSection
	GlobalSection(ExtensibilityGlobals) = postSolution
		SolutionGuid = {E10A1225-8FF1-4383-B4FA-AB7DDC8CE7BC}
	EndGlobalSection
EndGlobal
