
Microsoft Visual Studio Solution File, Format Version 12.00
# Visual Studio Version 16
VisualStudioVersion = 16.0.31105.61
MinimumVisualStudioVersion = 10.0.40219.1
Project("{FAE04EC0-301F-11D3-BF4B-00C04F79EFBC}") = "senai_filmes_webApi", "senai_filmes_webApi\senai_filmes_webApi.csproj", "{1F38CECD-6D85-4793-B0C9-C29A739D3080}"
EndProject
Global
	GlobalSection(SolutionConfigurationPlatforms) = preSolution
		Debug|Any CPU = Debug|Any CPU
		Release|Any CPU = Release|Any CPU
	EndGlobalSection
	GlobalSection(ProjectConfigurationPlatforms) = postSolution
		{1F38CECD-6D85-4793-B0C9-C29A739D3080}.Debug|Any CPU.ActiveCfg = Debug|Any CPU
		{1F38CECD-6D85-4793-B0C9-C29A739D3080}.Debug|Any CPU.Build.0 = Debug|Any CPU
		{1F38CECD-6D85-4793-B0C9-C29A739D3080}.Release|Any CPU.ActiveCfg = Release|Any CPU
		{1F38CECD-6D85-4793-B0C9-C29A739D3080}.Release|Any CPU.Build.0 = Release|Any CPU
	EndGlobalSection
	GlobalSection(SolutionProperties) = preSolution
		HideSolutionNode = FALSE
	EndGlobalSection
	GlobalSection(ExtensibilityGlobals) = postSolution
		SolutionGuid = {45D5ABDC-204B-4738-84E6-D5AA07AEE699}
	EndGlobalSection
EndGlobal
