
Microsoft Visual Studio Solution File, Format Version 12.00
# Visual Studio Version 16
VisualStudioVersion = 16.0.31205.134
MinimumVisualStudioVersion = 10.0.40219.1
Project("{FAE04EC0-301F-11D3-BF4B-00C04F79EFBC}") = "senai_InLock_webApi_DBFirst", "senai_InLock_webApi_DBFirst\senai_InLock_webApi_DBFirst.csproj", "{852157B8-BC77-4AA4-B15C-A43F25A33F8F}"
EndProject
Global
	GlobalSection(SolutionConfigurationPlatforms) = preSolution
		Debug|Any CPU = Debug|Any CPU
		Release|Any CPU = Release|Any CPU
	EndGlobalSection
	GlobalSection(ProjectConfigurationPlatforms) = postSolution
		{852157B8-BC77-4AA4-B15C-A43F25A33F8F}.Debug|Any CPU.ActiveCfg = Debug|Any CPU
		{852157B8-BC77-4AA4-B15C-A43F25A33F8F}.Debug|Any CPU.Build.0 = Debug|Any CPU
		{852157B8-BC77-4AA4-B15C-A43F25A33F8F}.Release|Any CPU.ActiveCfg = Release|Any CPU
		{852157B8-BC77-4AA4-B15C-A43F25A33F8F}.Release|Any CPU.Build.0 = Release|Any CPU
	EndGlobalSection
	GlobalSection(SolutionProperties) = preSolution
		HideSolutionNode = FALSE
	EndGlobalSection
	GlobalSection(ExtensibilityGlobals) = postSolution
		SolutionGuid = {572BC6C3-1007-4AB6-B605-572038B0AB11}
	EndGlobalSection
EndGlobal
